Microsoft Visual Studio Solution File, Format Version 7.00
Project("{FAE04EC0-301F-11D3-BF4B-00C04F79EFBC}") = "CommandLine", "CommandLine\CommandLine.csproj", "{E2EED323-9E53-4193-B0D6-FA3987FE9834}"
EndProject
Global
	GlobalSection(SolutionConfiguration) = preSolution
		ConfigName.0 = Debug
		ConfigName.1 = Release
	EndGlobalSection
	GlobalSection(ProjectDependencies) = postSolution
	EndGlobalSection
	GlobalSection(ProjectConfiguration) = postSolution
		{E2EED323-9E53-4193-B0D6-FA3987FE9834}.Debug.ActiveCfg = Debug|.NET
		{E2EED323-9E53-4193-B0D6-FA3987FE9834}.Debug.Build.0 = Debug|.NET
		{E2EED323-9E53-4193-B0D6-FA3987FE9834}.Release.ActiveCfg = Release|.NET
		{E2EED323-9E53-4193-B0D6-FA3987FE9834}.Release.Build.0 = Release|.NET
	EndGlobalSection
	GlobalSection(ExtensibilityGlobals) = postSolution
	EndGlobalSection
	GlobalSection(ExtensibilityAddIns) = postSolution
	EndGlobalSection
EndGlobal
