
Microsoft Visual Studio Solution File, Format Version 11.00
# Visual Studio 2010
Project("{FAE04EC0-301F-11D3-BF4B-00C04F79EFBC}") = "GenericSinglyLinkedList", "GenericSinglyLinkedList\GenericSinglyLinkedList.csproj", "{2B2A9A66-BB6E-4A8E-9498-0598868B985E}"
EndProject
Project("{FAE04EC0-301F-11D3-BF4B-00C04F79EFBC}") = "AdjacencyMatrix", "AdjacencyMatrix\AdjacencyMatrix.csproj", "{D311C549-8075-43BB-ACCC-51FD29E0C0F9}"
EndProject
Global
	GlobalSection(SolutionConfigurationPlatforms) = preSolution
		Debug|x86 = Debug|x86
		Release|x86 = Release|x86
	EndGlobalSection
	GlobalSection(ProjectConfigurationPlatforms) = postSolution
		{2B2A9A66-BB6E-4A8E-9498-0598868B985E}.Debug|x86.ActiveCfg = Debug|x86
		{2B2A9A66-BB6E-4A8E-9498-0598868B985E}.Debug|x86.Build.0 = Debug|x86
		{2B2A9A66-BB6E-4A8E-9498-0598868B985E}.Release|x86.ActiveCfg = Release|x86
		{2B2A9A66-BB6E-4A8E-9498-0598868B985E}.Release|x86.Build.0 = Release|x86
		{D311C549-8075-43BB-ACCC-51FD29E0C0F9}.Debug|x86.ActiveCfg = Debug|x86
		{D311C549-8075-43BB-ACCC-51FD29E0C0F9}.Debug|x86.Build.0 = Debug|x86
		{D311C549-8075-43BB-ACCC-51FD29E0C0F9}.Release|x86.ActiveCfg = Release|x86
		{D311C549-8075-43BB-ACCC-51FD29E0C0F9}.Release|x86.Build.0 = Release|x86
	EndGlobalSection
	GlobalSection(SolutionProperties) = preSolution
		HideSolutionNode = FALSE
	EndGlobalSection
EndGlobal
